<?xml version="1.0" encoding="utf-8"?>
<Project ToolsVersion="4.0" xmlns="http://schemas.microsoft.com/developer/msbuild/2003">
  <ItemGroup>
    <Filter Include="Source Files">
      <UniqueIdentifier>{4FC737F1-C7A5-4376-A066-2A32D752A2FF}</UniqueIdentifier>
      <Extensions>cpp;c;cc;cxx;def;odl;idl;hpj;bat;asm;asmx</Extensions>
    </Filter>
    <Filter Include="Math">
      <UniqueIdentifier>{e3cdb9c2-955f-47b2-884d-d1a09e86a655}</UniqueIdentifier>
    </Filter>
    <Filter Include="Graphics">
      <UniqueIdentifier>{78e91461-7a79-4e27-9511-186856fa51f7}</UniqueIdentifier>
    </Filter>
    <Filter Include="Systems">
      <UniqueIdentifier>{93995380-89BD-4b04-88EB-625FBE52EBFB}</UniqueIdentifier>
      <Extensions>h;hh;hpp;hxx;hm;inl;inc;ipp;xsd</Extensions>
    </Filter>
    <Filter Include="Objects">
      <UniqueIdentifier>{3f7c92f3-3d77-4ede-9546-d04c3465eff5}</UniqueIdentifier>
    </Filter>
    <Filter Include="Components">
      <UniqueIdentifier>{48d02dbc-1cc5-432f-bd5d-e97641f236d8}</UniqueIdentifier>
    </Filter>
    <Filter Include="Physics">
      <UniqueIdentifier>{0e2353cc-bd3d-4a14-b905-c60479597adf}</UniqueIdentifier>
    </Filter>
    <Filter Include="Event">
      <UniqueIdentifier>{cf1f35a3-e409-4c6b-bc7b-b159ec5aae9c}</UniqueIdentifier>
    </Filter>
    <Filter Include="Framework">
      <UniqueIdentifier>{71b88f6a-8d85-4168-8a78-add4163729bf}</UniqueIdentifier>
    </Filter>
  </ItemGroup>
  <ItemGroup>
    <ClInclude Include="inputManager.h">
      <Filter>Systems</Filter>
    </ClInclude>
    <ClInclude Include="audioSystem.h">
      <Filter>Systems</Filter>
    </ClInclude>
    <ClInclude Include="matrix22.h">
      <Filter>Math</Filter>
    </ClInclude>
    <ClInclude Include="matrix33.h">
      <Filter>Math</Filter>
    </ClInclude>
    <ClInclude Include="vector2D.h">
      <Filter>Math</Filter>
    </ClInclude>
    <ClInclude Include="vector3D.h">
      <Filter>Math</Filter>
    </ClInclude>
    <ClInclude Include="color.h">
      <Filter>Graphics</Filter>
    </ClInclude>
    <ClInclude Include="textureManager.h">
      <Filter>Graphics</Filter>
    </ClInclude>
    <ClInclude Include="renderer.h">
      <Filter>Graphics</Filter>
    </ClInclude>
    <ClInclude Include="timer.h">
      <Filter>Systems</Filter>
    </ClInclude>
    <ClInclude Include="engine.h">
      <Filter>Source Files</Filter>
    </ClInclude>
    <ClInclude Include="textManager.h">
      <Filter>Graphics</Filter>
    </ClInclude>
    <ClInclude Include="text.h">
      <Filter>Graphics</Filter>
    </ClInclude>
    <ClInclude Include="_math.h">
      <Filter>Math</Filter>
    </ClInclude>
    <ClInclude Include="id.h">
      <Filter>Objects</Filter>
    </ClInclude>
    <ClInclude Include="object.h">
      <Filter>Objects</Filter>
    </ClInclude>
    <ClInclude Include="entity.h">
      <Filter>Objects</Filter>
    </ClInclude>
    <ClInclude Include="component.h">
      <Filter>Components</Filter>
    </ClInclude>
    <ClInclude Include="renderComponent.h">
      <Filter>Components</Filter>
    </ClInclude>
    <ClInclude Include="spriteComponent.h">
      <Filter>Components</Filter>
    </ClInclude>
    <ClInclude Include="texture.h">
      <Filter>Graphics</Filter>
    </ClInclude>
    <ClInclude Include="controllerComponent.h">
      <Filter>Components</Filter>
    </ClInclude>
    <ClInclude Include="scene.h">
      <Filter>Objects</Filter>
    </ClInclude>
    <ClInclude Include="physicsComponent.h">
      <Filter>Components</Filter>
    </ClInclude>
    <ClInclude Include="kinematicComponent.h">
      <Filter>Components</Filter>
    </ClInclude>
    <ClInclude Include="transform.h">
      <Filter>Math</Filter>
    </ClInclude>
    <ClInclude Include="fileSystem.h">
      <Filter>Systems</Filter>
    </ClInclude>
    <ClInclude Include="collisionComponent.h">
      <Filter>Components</Filter>
    </ClInclude>
    <ClInclude Include="physics.h">
      <Filter>Physics</Filter>
    </ClInclude>
    <ClInclude Include="aabb.h">
      <Filter>Physics</Filter>
    </ClInclude>
    <ClInclude Include="aabbComponent.h">
      <Filter>Components</Filter>
    </ClInclude>
    <ClInclude Include="event.h">
      <Filter>Event</Filter>
    </ClInclude>
    <ClInclude Include="eventManager.h">
      <Filter>Event</Filter>
    </ClInclude>
    <ClInclude Include="textComponent.h">
      <Filter>Components</Filter>
    </ClInclude>
    <ClInclude Include="eventReceiver.h">
      <Filter>Event</Filter>
    </ClInclude>
    <ClInclude Include="animationComponent.h">
      <Filter>Components</Filter>
    </ClInclude>
    <ClInclude Include="singleton.h">
      <Filter>Framework</Filter>
    </ClInclude>
    <ClInclude Include="state.h">
      <Filter>Framework</Filter>
    </ClInclude>
    <ClInclude Include="stateMachine.h">
      <Filter>Framework</Filter>
    </ClInclude>
    <ClInclude Include="variant.h">
      <Filter>Framework</Filter>
    </ClInclude>
    <ClInclude Include="waypoint.h">
      <Filter>Objects</Filter>
    </ClInclude>
    <ClInclude Include="debugDraw.h">
      <Filter>Graphics</Filter>
    </ClInclude>
    <ClInclude Include="transformController.h">
      <Filter>Components</Filter>
    </ClInclude>
    <ClInclude Include="waypointComponent.h">
      <Filter>Components</Filter>
    </ClInclude>
  </ItemGroup>
  <ItemGroup>
    <ClCompile Include="engine.cpp">
      <Filter>Source Files</Filter>
    </ClCompile>
    <ClCompile Include="matrix22.cpp">
      <Filter>Math</Filter>
    </ClCompile>
    <ClCompile Include="matrix33.cpp">
      <Filter>Math</Filter>
    </ClCompile>
    <ClCompile Include="vector2D.cpp">
      <Filter>Math</Filter>
    </ClCompile>
    <ClCompile Include="vector3D.cpp">
      <Filter>Math</Filter>
    </ClCompile>
    <ClCompile Include="color.cpp">
      <Filter>Graphics</Filter>
    </ClCompile>
    <ClCompile Include="textureManager.cpp">
      <Filter>Graphics</Filter>
    </ClCompile>
    <ClCompile Include="renderer.cpp">
      <Filter>Graphics</Filter>
    </ClCompile>
    <ClCompile Include="audioSystem.cpp">
      <Filter>Systems</Filter>
    </ClCompile>
    <ClCompile Include="inputManager.cpp">
      <Filter>Systems</Filter>
    </ClCompile>
    <ClCompile Include="timer.cpp">
      <Filter>Systems</Filter>
    </ClCompile>
    <ClCompile Include="textManager.cpp">
      <Filter>Graphics</Filter>
    </ClCompile>
    <ClCompile Include="text.cpp">
      <Filter>Graphics</Filter>
    </ClCompile>
    <ClCompile Include="_math.cpp">
      <Filter>Math</Filter>
    </ClCompile>
    <ClCompile Include="id.cpp">
      <Filter>Objects</Filter>
    </ClCompile>
    <ClCompile Include="object.cpp">
      <Filter>Objects</Filter>
    </ClCompile>
    <ClCompile Include="entity.cpp">
      <Filter>Objects</Filter>
    </ClCompile>
    <ClCompile Include="spriteComponent.cpp">
      <Filter>Components</Filter>
    </ClCompile>
    <ClCompile Include="texture.cpp">
      <Filter>Graphics</Filter>
    </ClCompile>
    <ClCompile Include="scene.cpp">
      <Filter>Objects</Filter>
    </ClCompile>
    <ClCompile Include="controllerComponent.cpp">
      <Filter>Components</Filter>
    </ClCompile>
    <ClCompile Include="kinematicComponent.cpp">
      <Filter>Components</Filter>
    </ClCompile>
    <ClCompile Include="transform.cpp">
      <Filter>Math</Filter>
    </ClCompile>
    <ClCompile Include="fileSystem.cpp">
      <Filter>Systems</Filter>
    </ClCompile>
    <ClCompile Include="physics.cpp">
      <Filter>Physics</Filter>
    </ClCompile>
    <ClCompile Include="aabb.cpp">
      <Filter>Physics</Filter>
    </ClCompile>
    <ClCompile Include="aabbComponent.cpp">
      <Filter>Components</Filter>
    </ClCompile>
    <ClCompile Include="eventManager.cpp">
      <Filter>Event</Filter>
    </ClCompile>
    <ClCompile Include="textComponent.cpp">
      <Filter>Components</Filter>
    </ClCompile>
    <ClCompile Include="animationComponent.cpp">
      <Filter>Components</Filter>
    </ClCompile>
    <ClCompile Include="state.cpp">
      <Filter>Framework</Filter>
    </ClCompile>
    <ClCompile Include="stateMachine.cpp">
      <Filter>Framework</Filter>
    </ClCompile>
    <ClCompile Include="waypoint.cpp">
      <Filter>Objects</Filter>
    </ClCompile>
    <ClCompile Include="debugDraw.cpp">
      <Filter>Graphics</Filter>
    </ClCompile>
    <ClCompile Include="transformController.cpp">
      <Filter>Components</Filter>
    </ClCompile>
    <ClCompile Include="waypointComponent.cpp">
      <Filter>Components</Filter>
    </ClCompile>
  </ItemGroup>
</Project>